{
  "nodes": {
    "base16": {
      "inputs": {
        "fromYaml": "fromYaml"
      },
      "locked": {
        "lastModified": 1708890466,
        "narHash": "sha256-LlrC09LoPi8OPYOGPXegD72v+//VapgAqhbOFS3i8sc=",
        "owner": "SenchoPens",
        "repo": "base16.nix",
        "rev": "665b3c6748534eb766c777298721cece9453fdae",
        "type": "github"
      },
      "original": {
        "owner": "SenchoPens",
        "repo": "base16.nix",
        "type": "github"
      }
    },
    "base16-fish": {
      "flake": false,
      "locked": {
        "lastModified": 1622559957,
        "narHash": "sha256-PebymhVYbL8trDVVXxCvZgc0S5VxI7I1Hv4RMSquTpA=",
        "owner": "tomyun",
        "repo": "base16-fish",
        "rev": "2f6dd973a9075dabccd26f1cded09508180bf5fe",
        "type": "github"
      },
      "original": {
        "owner": "tomyun",
        "repo": "base16-fish",
        "type": "github"
      }
    },
    "base16-foot": {
      "flake": false,
      "locked": {
        "lastModified": 1696725948,
        "narHash": "sha256-65bz2bUL/yzZ1c8/GQASnoiGwaF8DczlxJtzik1c0AU=",
        "owner": "tinted-theming",
        "repo": "base16-foot",
        "rev": "eedbcfa30de0a4baa03e99f5e3ceb5535c2755ce",
        "type": "github"
      },
      "original": {
        "owner": "tinted-theming",
        "repo": "base16-foot",
        "type": "github"
      }
    },
    "base16-helix": {
      "flake": false,
      "locked": {
        "lastModified": 1696727917,
        "narHash": "sha256-FVrbPk+NtMra0jtlC5oxyNchbm8FosmvXIatkRbYy1g=",
        "owner": "tinted-theming",
        "repo": "base16-helix",
        "rev": "dbe1480d99fe80f08df7970e471fac24c05f2ddb",
        "type": "github"
      },
      "original": {
        "owner": "tinted-theming",
        "repo": "base16-helix",
        "type": "github"
      }
    },
    "base16-kitty": {
      "flake": false,
      "locked": {
        "lastModified": 1665001328,
        "narHash": "sha256-aRaizTYPpuWEcvoYE9U+YRX+Wsc8+iG0guQJbvxEdJY=",
        "owner": "kdrag0n",
        "repo": "base16-kitty",
        "rev": "06bb401fa9a0ffb84365905ffbb959ae5bf40805",
        "type": "github"
      },
      "original": {
        "owner": "kdrag0n",
        "repo": "base16-kitty",
        "type": "github"
      }
    },
    "base16-tmux": {
      "flake": false,
      "locked": {
        "lastModified": 1696725902,
        "narHash": "sha256-wDPg5elZPcQpu7Df0lI5O8Jv4A3T6jUQIVg63KDU+3Q=",
        "owner": "tinted-theming",
        "repo": "base16-tmux",
        "rev": "c02050bebb60dbb20cb433cd4d8ce668ecc11ba7",
        "type": "github"
      },
      "original": {
        "owner": "tinted-theming",
        "repo": "base16-tmux",
        "type": "github"
      }
    },
    "base16-vim": {
      "flake": false,
      "locked": {
        "lastModified": 1663659192,
        "narHash": "sha256-uJvaYYDMXvoo0fhBZUhN8WBXeJ87SRgof6GEK2efFT0=",
        "owner": "chriskempson",
        "repo": "base16-vim",
        "rev": "3be3cd82cd31acfcab9a41bad853d9c68d30478d",
        "type": "github"
      },
      "original": {
        "owner": "chriskempson",
        "repo": "base16-vim",
        "type": "github"
      }
    },
    "crane": {
      "inputs": {
        "nixpkgs": [
          "lanzaboote",
          "nixpkgs"
        ]
      },
      "locked": {
        "lastModified": 1711299236,
        "narHash": "sha256-6/JsyozOMKN8LUGqWMopKTSiK8N79T8Q+hcxu2KkTXg=",
        "owner": "ipetkov",
        "repo": "crane",
        "rev": "880573f80d09e18a11713f402b9e6172a085449f",
        "type": "github"
      },
      "original": {
        "owner": "ipetkov",
        "repo": "crane",
        "type": "github"
      }
    },
    "disko": {
      "inputs": {
        "nixpkgs": [
          "nixpkgs"
        ]
      },
      "locked": {
        "lastModified": 1714043827,
        "narHash": "sha256-PJbmbf+5z924b/wq7jzEFCUtrOc7s1J+8qRZu3fVAQc=",
        "owner": "nix-community",
        "repo": "disko",
        "rev": "a816daa384dd754b7586f51157fc2e1a44e76073",
        "type": "github"
      },
      "original": {
        "owner": "nix-community",
        "repo": "disko",
        "type": "github"
      }
    },
    "flake-compat": {
      "flake": false,
      "locked": {
        "lastModified": 1696426674,
        "narHash": "sha256-kvjfFW7WAETZlt09AgDn1MrtKzP7t90Vf7vypd3OL1U=",
        "owner": "edolstra",
        "repo": "flake-compat",
        "rev": "0f9255e01c2351cc7d116c072cb317785dd33b33",
        "type": "github"
      },
      "original": {
        "owner": "edolstra",
        "repo": "flake-compat",
        "type": "github"
      }
    },
    "flake-compat_2": {
      "flake": false,
      "locked": {
        "lastModified": 1673956053,
        "narHash": "sha256-4gtG9iQuiKITOjNQQeQIpoIB6b16fm+504Ch3sNKLd8=",
        "owner": "edolstra",
        "repo": "flake-compat",
        "rev": "35bb57c0c8d8b62bbfd284272c928ceb64ddbde9",
        "type": "github"
      },
      "original": {
        "owner": "edolstra",
        "repo": "flake-compat",
        "type": "github"
      }
    },
    "flake-parts": {
      "inputs": {
        "nixpkgs-lib": [
          "nixpkgs"
        ]
      },
      "locked": {
        "lastModified": 1712014858,
        "narHash": "sha256-sB4SWl2lX95bExY2gMFG5HIzvva5AVMJd4Igm+GpZNw=",
        "owner": "hercules-ci",
        "repo": "flake-parts",
        "rev": "9126214d0a59633752a136528f5f3b9aa8565b7d",
        "type": "github"
      },
      "original": {
        "owner": "hercules-ci",
        "repo": "flake-parts",
        "type": "github"
      }
    },
    "flake-parts_2": {
      "inputs": {
        "nixpkgs-lib": [
          "lanzaboote",
          "nixpkgs"
        ]
      },
      "locked": {
        "lastModified": 1709336216,
        "narHash": "sha256-Dt/wOWeW6Sqm11Yh+2+t0dfEWxoMxGBvv3JpIocFl9E=",
        "owner": "hercules-ci",
        "repo": "flake-parts",
        "rev": "f7b3c975cf067e56e7cda6cb098ebe3fb4d74ca2",
        "type": "github"
      },
      "original": {
        "owner": "hercules-ci",
        "repo": "flake-parts",
        "type": "github"
      }
    },
    "flake-utils": {
      "inputs": {
        "systems": "systems"
      },
      "locked": {
        "lastModified": 1710146030,
        "narHash": "sha256-SZ5L6eA7HJ/nmkzGG7/ISclqe6oZdOZTNoesiInkXPQ=",
        "owner": "numtide",
        "repo": "flake-utils",
        "rev": "b1d9ab70662946ef0850d488da1c9019f3a9752a",
        "type": "github"
      },
      "original": {
        "owner": "numtide",
        "repo": "flake-utils",
        "type": "github"
      }
    },
    "fromYaml": {
      "flake": false,
      "locked": {
        "lastModified": 1689549921,
        "narHash": "sha256-iX0pk/uB019TdBGlaJEWvBCfydT6sRq+eDcGPifVsCM=",
        "owner": "SenchoPens",
        "repo": "fromYaml",
        "rev": "11fbbbfb32e3289d3c631e0134a23854e7865c84",
        "type": "github"
      },
      "original": {
        "owner": "SenchoPens",
        "repo": "fromYaml",
        "type": "github"
      }
    },
    "gitignore": {
      "inputs": {
        "nixpkgs": [
          "lanzaboote",
          "pre-commit-hooks-nix",
          "nixpkgs"
        ]
      },
      "locked": {
        "lastModified": 1709087332,
        "narHash": "sha256-HG2cCnktfHsKV0s4XW83gU3F57gaTljL9KNSuG6bnQs=",
        "owner": "hercules-ci",
        "repo": "gitignore.nix",
        "rev": "637db329424fd7e46cf4185293b9cc8c88c95394",
        "type": "github"
      },
      "original": {
        "owner": "hercules-ci",
        "repo": "gitignore.nix",
        "type": "github"
      }
    },
    "gnome-shell": {
      "flake": false,
      "locked": {
        "lastModified": 1698794309,
        "narHash": "sha256-/TIkZ8y5Wv3QHLFp79Poao9fINurKs5pa4z0CRe+F8s=",
        "owner": "GNOME",
        "repo": "gnome-shell",
        "rev": "a7c169c6c29cf02a4c392fa0acbbc5f5072823e7",
        "type": "github"
      },
      "original": {
        "owner": "GNOME",
        "ref": "45.1",
        "repo": "gnome-shell",
        "type": "github"
      }
    },
    "home-manager": {
      "inputs": {
        "nixpkgs": [
          "nixpkgs"
        ]
      },
      "locked": {
        "lastModified": 1714042918,
        "narHash": "sha256-4AItZA3EQIiSNAxliuYEJumw/LaVfrMv84gYyrs0r3U=",
        "owner": "nix-community",
        "repo": "home-manager",
        "rev": "0c5704eceefcb7bb238a958f532a86e3b59d76db",
        "type": "github"
      },
      "original": {
        "owner": "nix-community",
        "repo": "home-manager",
        "type": "github"
      }
    },
    "home-manager_2": {
      "inputs": {
        "nixpkgs": [
          "stylix",
          "nixpkgs"
        ]
      },
      "locked": {
        "lastModified": 1711915616,
        "narHash": "sha256-co6LoFA+j6BZEeJNSR8nZ4oOort5qYPskjrDHBaJgmo=",
        "owner": "nix-community",
        "repo": "home-manager",
        "rev": "820be197ccf3adaad9a8856ef255c13b6cc561a6",
        "type": "github"
      },
      "original": {
        "owner": "nix-community",
        "repo": "home-manager",
        "type": "github"
      }
    },
    "impermanence": {
      "locked": {
        "lastModified": 1708968331,
        "narHash": "sha256-VUXLaPusCBvwM3zhGbRIJVeYluh2uWuqtj4WirQ1L9Y=",
        "owner": "nix-community",
        "repo": "impermanence",
        "rev": "a33ef102a02ce77d3e39c25197664b7a636f9c30",
        "type": "github"
      },
      "original": {
        "owner": "nix-community",
        "repo": "impermanence",
        "type": "github"
      }
    },
    "lanzaboote": {
      "inputs": {
        "crane": "crane",
        "flake-compat": "flake-compat",
        "flake-parts": "flake-parts_2",
        "flake-utils": "flake-utils",
        "nixpkgs": "nixpkgs",
        "pre-commit-hooks-nix": "pre-commit-hooks-nix",
        "rust-overlay": "rust-overlay"
      },
      "locked": {
        "lastModified": 1713369831,
        "narHash": "sha256-G4OGxvlIIjphpkxcRAkf1QInYsAeqbfNh6Yl1JLy2uM=",
        "owner": "nix-community",
        "repo": "lanzaboote",
        "rev": "850f27322239f8cfa56b122cc9a278ab99a49015",
        "type": "github"
      },
      "original": {
        "owner": "nix-community",
        "repo": "lanzaboote",
        "type": "github"
      }
    },
    "master": {
      "locked": {
        "lastModified": 1714065914,
        "narHash": "sha256-dekHlggfJz6mFedfooR/O5d94v35yNneDhi3spPu/VM=",
        "owner": "nixos",
        "repo": "nixpkgs",
        "rev": "9603f963f5014cff024b519445f3381113642be2",
        "type": "github"
      },
      "original": {
        "owner": "nixos",
        "ref": "master",
        "repo": "nixpkgs",
        "type": "github"
      }
    },
    "nix-formatter-pack": {
      "inputs": {
        "nixpkgs": [
          "nix-on-droid",
          "nixpkgs"
        ],
        "nmd": "nmd",
        "nmt": "nmt"
      },
      "locked": {
        "lastModified": 1705252799,
        "narHash": "sha256-HgSTREh7VoXjGgNDwKQUYcYo13rPkltW7IitHrTPA5c=",
        "owner": "Gerschtli",
        "repo": "nix-formatter-pack",
        "rev": "2de39dedd79aab14c01b9e2934842051a160ffa5",
        "type": "github"
      },
      "original": {
        "owner": "Gerschtli",
        "repo": "nix-formatter-pack",
        "type": "github"
      }
    },
    "nix-index-database": {
      "inputs": {
        "nixpkgs": [
          "nixpkgs"
        ]
      },
      "locked": {
        "lastModified": 1713869268,
        "narHash": "sha256-o3CMQeu/S8/4zU0pMtYg51rd1FWdJsI2Xohzng1Ysdg=",
        "owner": "nix-community",
        "repo": "nix-index-database",
        "rev": "dcb6ac44922858ce3a5b46f77a36d6030181460c",
        "type": "github"
      },
      "original": {
        "owner": "nix-community",
        "repo": "nix-index-database",
        "type": "github"
      }
    },
    "nix-on-droid": {
      "inputs": {
        "home-manager": [
          "home-manager"
        ],
        "nix-formatter-pack": "nix-formatter-pack",
        "nixpkgs": [
          "nixpkgs"
        ],
        "nixpkgs-docs": "nixpkgs-docs",
        "nixpkgs-for-bootstrap": "nixpkgs-for-bootstrap",
        "nmd": "nmd_2"
      },
      "locked": {
        "lastModified": 1710434231,
        "narHash": "sha256-yrWnsG28518tbIapJWiluweHORuuIwAQrA8lga0Sqlw=",
        "owner": "nix-community",
        "repo": "nix-on-droid",
        "rev": "2d93311c4f3f300154d2085e4b4b1d550237da92",
        "type": "github"
      },
      "original": {
        "owner": "nix-community",
        "ref": "master",
        "repo": "nix-on-droid",
        "type": "github"
      }
    },
    "nixlib": {
      "locked": {
        "lastModified": 1712450863,
        "narHash": "sha256-K6IkdtMtq9xktmYPj0uaYc8NsIqHuaAoRBaMgu9Fvrw=",
        "owner": "nix-community",
        "repo": "nixpkgs.lib",
        "rev": "3c62b6a12571c9a7f65ab037173ee153d539905f",
        "type": "github"
      },
      "original": {
        "owner": "nix-community",
        "repo": "nixpkgs.lib",
        "type": "github"
      }
    },
    "nixos-generators": {
      "inputs": {
        "nixlib": "nixlib",
        "nixpkgs": [
          "nixpkgs"
        ]
      },
      "locked": {
        "lastModified": 1713783234,
        "narHash": "sha256-3yh0nqI1avYUmmtqqTW3EVfwaLE+9ytRWxsA5aWtmyI=",
        "owner": "nix-community",
        "repo": "nixos-generators",
        "rev": "722b512eb7e6915882f39fff0e4c9dd44f42b77e",
        "type": "github"
      },
      "original": {
        "owner": "nix-community",
        "repo": "nixos-generators",
        "type": "github"
      }
    },
    "nixos-hardware": {
      "locked": {
        "lastModified": 1713864415,
        "narHash": "sha256-/BPDMJEkrsFAFOsQWhwm31wezlgshPFlLBn34KEUdVA=",
        "owner": "nixos",
        "repo": "nixos-hardware",
        "rev": "797f8d8082c7cc3259cba7275c699d4991b09ecc",
        "type": "github"
      },
      "original": {
        "owner": "nixos",
        "repo": "nixos-hardware",
        "type": "github"
      }
    },
    "nixpkgs": {
      "locked": {
        "lastModified": 1711297276,
        "narHash": "sha256-KtHBr73Z729krfueBV6pUsEyq/4vILGP77DPmrKOTrI=",
        "owner": "NixOS",
        "repo": "nixpkgs",
        "rev": "3d41d1087707826b3a90685ab69147f8dc8145d5",
        "type": "github"
      },
      "original": {
        "owner": "NixOS",
        "ref": "nixos-unstable-small",
        "repo": "nixpkgs",
        "type": "github"
      }
    },
    "nixpkgs-docs": {
      "locked": {
        "lastModified": 1705957679,
        "narHash": "sha256-Q8LJaVZGJ9wo33wBafvZSzapYsjOaNjP/pOnSiKVGHY=",
        "owner": "NixOS",
        "repo": "nixpkgs",
        "rev": "9a333eaa80901efe01df07eade2c16d183761fa3",
        "type": "github"
      },
      "original": {
        "owner": "NixOS",
        "ref": "release-23.05",
        "repo": "nixpkgs",
        "type": "github"
      }
    },
    "nixpkgs-for-bootstrap": {
      "locked": {
        "lastModified": 1708105575,
        "narHash": "sha256-sS4AItZeUnAei6v8FqxNlm+/27MPlfoGym/TZP0rmH0=",
        "owner": "NixOS",
        "repo": "nixpkgs",
        "rev": "1d1817869c47682a6bee85b5b0a6537b6c0fba26",
        "type": "github"
      },
      "original": {
        "owner": "NixOS",
        "repo": "nixpkgs",
        "rev": "1d1817869c47682a6bee85b5b0a6537b6c0fba26",
        "type": "github"
      }
    },
    "nixpkgs-stable": {
      "locked": {
        "lastModified": 1710695816,
        "narHash": "sha256-3Eh7fhEID17pv9ZxrPwCLfqXnYP006RKzSs0JptsN84=",
        "owner": "NixOS",
        "repo": "nixpkgs",
        "rev": "614b4613980a522ba49f0d194531beddbb7220d3",
        "type": "github"
      },
      "original": {
        "owner": "NixOS",
        "ref": "nixos-23.11",
        "repo": "nixpkgs",
        "type": "github"
      }
    },
    "nmd": {
      "flake": false,
      "locked": {
        "lastModified": 1666190571,
        "narHash": "sha256-Z1hc7M9X6L+H83o9vOprijpzhTfOBjd0KmUTnpHAVjA=",
        "owner": "rycee",
        "repo": "nmd",
        "rev": "b75d312b4f33bd3294cd8ae5c2ca8c6da2afc169",
        "type": "gitlab"
      },
      "original": {
        "owner": "rycee",
        "repo": "nmd",
        "type": "gitlab"
      }
    },
    "nmd_2": {
      "inputs": {
        "nixpkgs": [
          "nix-on-droid",
          "nixpkgs-docs"
        ],
        "scss-reset": "scss-reset"
      },
      "locked": {
        "lastModified": 1705050560,
        "narHash": "sha256-x3zzcdvhJpodsmdjqB4t5mkVW22V3wqHLOun0KRBzUI=",
        "owner": "~rycee",
        "repo": "nmd",
        "rev": "66d9334933119c36f91a78d565c152a4fdc8d3d3",
        "type": "sourcehut"
      },
      "original": {
        "owner": "~rycee",
        "repo": "nmd",
        "type": "sourcehut"
      }
    },
    "nmt": {
      "flake": false,
      "locked": {
        "lastModified": 1648075362,
        "narHash": "sha256-u36WgzoA84dMVsGXzml4wZ5ckGgfnvS0ryzo/3zn/Pc=",
        "owner": "rycee",
        "repo": "nmt",
        "rev": "d83601002c99b78c89ea80e5e6ba21addcfe12ae",
        "type": "gitlab"
      },
      "original": {
        "owner": "rycee",
        "repo": "nmt",
        "type": "gitlab"
      }
    },
    "pre-commit-hooks-nix": {
      "inputs": {
        "flake-compat": [
          "lanzaboote",
          "flake-compat"
        ],
        "flake-utils": [
          "lanzaboote",
          "flake-utils"
        ],
        "gitignore": "gitignore",
        "nixpkgs": [
          "lanzaboote",
          "nixpkgs"
        ],
        "nixpkgs-stable": "nixpkgs-stable"
      },
      "locked": {
        "lastModified": 1710923068,
        "narHash": "sha256-6hOpUiuxuwpXXc/xfJsBUJeqqgGI+JMJuLo45aG3cKc=",
        "owner": "cachix",
        "repo": "pre-commit-hooks.nix",
        "rev": "e611897ddfdde3ed3eaac4758635d7177ff78673",
        "type": "github"
      },
      "original": {
        "owner": "cachix",
        "repo": "pre-commit-hooks.nix",
        "type": "github"
      }
    },
    "root": {
      "inputs": {
        "disko": "disko",
        "flake-parts": "flake-parts",
        "home-manager": "home-manager",
        "impermanence": "impermanence",
        "lanzaboote": "lanzaboote",
        "master": "master",
        "nix-index-database": "nix-index-database",
        "nix-on-droid": "nix-on-droid",
        "nixos-generators": "nixos-generators",
        "nixos-hardware": "nixos-hardware",
        "nixpkgs": [
          "unstable"
        ],
        "stable": "stable",
        "stylix": "stylix",
        "unstable": "unstable"
      }
    },
    "rust-overlay": {
      "inputs": {
        "flake-utils": [
          "lanzaboote",
          "flake-utils"
        ],
        "nixpkgs": [
          "lanzaboote",
          "nixpkgs"
        ]
      },
      "locked": {
        "lastModified": 1711246447,
        "narHash": "sha256-g9TOluObcOEKewFo2fR4cn51Y/jSKhRRo4QZckHLop0=",
        "owner": "oxalica",
        "repo": "rust-overlay",
        "rev": "dcc802a6ec4e9cc6a1c8c393327f0c42666f22e4",
        "type": "github"
      },
      "original": {
        "owner": "oxalica",
        "repo": "rust-overlay",
        "type": "github"
      }
    },
    "scss-reset": {
      "flake": false,
      "locked": {
        "lastModified": 1631450058,
        "narHash": "sha256-muDlZJPtXDIGevSEWkicPP0HQ6VtucbkMNygpGlBEUM=",
        "owner": "andreymatin",
        "repo": "scss-reset",
        "rev": "0cf50e27a4e95e9bb5b1715eedf9c54dee1a5a91",
        "type": "github"
      },
      "original": {
        "owner": "andreymatin",
        "repo": "scss-reset",
        "type": "github"
      }
    },
    "stable": {
      "locked": {
        "lastModified": 1714055273,
        "narHash": "sha256-fRi4LAbQe+IRDD8LWZULPpudq6ABK9hjMSt2Mgm9MiY=",
        "owner": "nixos",
        "repo": "nixpkgs",
        "rev": "f0de17d6ccf06eebc76acfdd71c299fb8f5b8d52",
        "type": "github"
      },
      "original": {
        "owner": "nixos",
        "ref": "release-23.11",
        "repo": "nixpkgs",
        "type": "github"
      }
    },
    "stylix": {
      "inputs": {
        "base16": "base16",
        "base16-fish": "base16-fish",
        "base16-foot": "base16-foot",
        "base16-helix": "base16-helix",
        "base16-kitty": "base16-kitty",
        "base16-tmux": "base16-tmux",
        "base16-vim": "base16-vim",
        "flake-compat": "flake-compat_2",
        "gnome-shell": "gnome-shell",
        "home-manager": "home-manager_2",
        "nixpkgs": [
          "nixpkgs"
        ]
      },
      "locked": {
        "lastModified": 1713821140,
        "narHash": "sha256-/kGc9R01h8mTmZKhrVyGWaK/w9zgettmHIE3GZW8Khs=",
        "owner": "danth",
        "repo": "stylix",
        "rev": "0fe277a3641a849478a94c7900c2d5a90609a306",
        "type": "github"
      },
      "original": {
        "owner": "danth",
        "repo": "stylix",
        "type": "github"
      }
    },
    "systems": {
      "locked": {
        "lastModified": 1681028828,
        "narHash": "sha256-Vy1rq5AaRuLzOxct8nz4T6wlgyUR7zLU309k9mBC768=",
        "owner": "nix-systems",
        "repo": "default",
        "rev": "da67096a3b9bf56a91d16901293e51ba5b49a27e",
        "type": "github"
      },
      "original": {
        "owner": "nix-systems",
        "repo": "default",
        "type": "github"
      }
    },
    "unstable": {
      "locked": {
        "lastModified": 1714030708,
        "narHash": "sha256-JOGPOxa8N6ySzB7SQBsh0OVz+UXZriyahgvfNHMIY0Y=",
        "owner": "nixos",
        "repo": "nixpkgs",
        "rev": "b0d52b31f7f4d80f8bf38f0253652125579c35ff",
        "type": "github"
      },
      "original": {
        "owner": "nixos",
        "ref": "nixpkgs-unstable",
        "repo": "nixpkgs",
        "type": "github"
      }
    }
  },
  "root": "root",
  "version": 7
}
